
Microsoft Visual Studio Solution File, Format Version 12.00
# Visual Studio Version 17
VisualStudioVersion = 17.4.33103.184
MinimumVisualStudioVersion = 10.0.40219.1
Project("{8BC9CEB8-8B4A-11D0-8D11-00A0C91BC942}") = "Enarmadbandit", "Enarmadbandit\Enarmadbandit.vcxproj", "{5B153719-765E-48B4-BD24-A7A43C10991D}"
EndProject
Global
	GlobalSection(SolutionConfigurationPlatforms) = preSolution
		Debug|x64 = Debug|x64
		Debug|x86 = Debug|x86
		Release|x64 = Release|x64
		Release|x86 = Release|x86
	EndGlobalSection
	GlobalSection(ProjectConfigurationPlatforms) = postSolution
		{5B153719-765E-48B4-BD24-A7A43C10991D}.Debug|x64.ActiveCfg = Debug|x64
		{5B153719-765E-48B4-BD24-A7A43C10991D}.Debug|x64.Build.0 = Debug|x64
		{5B153719-765E-48B4-BD24-A7A43C10991D}.Debug|x86.ActiveCfg = Debug|Win32
		{5B153719-765E-48B4-BD24-A7A43C10991D}.Debug|x86.Build.0 = Debug|Win32
		{5B153719-765E-48B4-BD24-A7A43C10991D}.Release|x64.ActiveCfg = Release|x64
		{5B153719-765E-48B4-BD24-A7A43C10991D}.Release|x64.Build.0 = Release|x64
		{5B153719-765E-48B4-BD24-A7A43C10991D}.Release|x86.ActiveCfg = Release|Win32
		{5B153719-765E-48B4-BD24-A7A43C10991D}.Release|x86.Build.0 = Release|Win32
	EndGlobalSection
	GlobalSection(SolutionProperties) = preSolution
		HideSolutionNode = FALSE
	EndGlobalSection
	GlobalSection(ExtensibilityGlobals) = postSolution
		SolutionGuid = {74BAD474-F52C-4AF8-B5FB-755866A94306}
	EndGlobalSection
EndGlobal
